
Microsoft Visual Studio Solution File, Format Version 12.00
# Visual Studio Version 17
VisualStudioVersion = 17.5.002.0
MinimumVisualStudioVersion = 10.0.40219.1
Project("{9A19103F-16F7-4668-BE54-9A1E7A4F7556}") = "api", "api\api.csproj", "{61F4B87C-DB8F-4ECD-81DE-032225132E55}"
EndProject
Global
	GlobalSection(SolutionConfigurationPlatforms) = preSolution
		Debug|Any CPU = Debug|Any CPU
		Release|Any CPU = Release|Any CPU
	EndGlobalSection
	GlobalSection(ProjectConfigurationPlatforms) = postSolution
		{61F4B87C-DB8F-4ECD-81DE-032225132E55}.Debug|Any CPU.ActiveCfg = Debug|Any CPU
		{61F4B87C-DB8F-4ECD-81DE-032225132E55}.Debug|Any CPU.Build.0 = Debug|Any CPU
		{61F4B87C-DB8F-4ECD-81DE-032225132E55}.Release|Any CPU.ActiveCfg = Release|Any CPU
		{61F4B87C-DB8F-4ECD-81DE-032225132E55}.Release|Any CPU.Build.0 = Release|Any CPU
	EndGlobalSection
	GlobalSection(SolutionProperties) = preSolution
		HideSolutionNode = FALSE
	EndGlobalSection
	GlobalSection(ExtensibilityGlobals) = postSolution
		SolutionGuid = {130A2BD0-EA79-4F8D-BFD6-E86A81521C30}
	EndGlobalSection
EndGlobal
